
Microsoft Visual Studio Solution File, Format Version 12.00
# Visual Studio Version 16
VisualStudioVersion = 16.0.29201.188
MinimumVisualStudioVersion = 10.0.40219.1
Project("{2150E333-8FDC-42A3-9474-1A3956D46DE8}") = "sample", "sample", "{2E38532A-A66C-498A-8FBF-4D6FE6F31ECC}"
EndProject
Project("{FAE04EC0-301F-11D3-BF4B-00C04F79EFBC}") = "PrismSerilogWpfDemoNet45", "sample\net45\PrismSerilogWpfDemoNet45\PrismSerilogWpfDemoNet45.csproj", "{CB57A3B5-DDC6-48C3-B031-7216A83A2970}"
EndProject
Project("{2150E333-8FDC-42A3-9474-1A3956D46DE8}") = "src", "src", "{A918D06F-30C4-48CA-8E75-90131BA4B8D8}"
EndProject
Project("{9A19103F-16F7-4668-BE54-9A1E7A4F7556}") = "Prism.Logging.Serilog", "src\Prism.Logging.Serilog\Prism.Logging.Serilog.csproj", "{88146B27-E104-4939-99FD-70557287F877}"
EndProject
Project("{2150E333-8FDC-42A3-9474-1A3956D46DE8}") = "test", "test", "{2CB13D58-3C7B-4AAA-8ADD-F0C3CD52EEE4}"
EndProject
Project("{9A19103F-16F7-4668-BE54-9A1E7A4F7556}") = "Prism.Logging.Serilog.Tests", "test\Prism.Logging.Serilog.Tests\Prism.Logging.Serilog.Tests.csproj", "{49AF6C05-BB7C-437D-B163-813939457192}"
EndProject
Project("{2150E333-8FDC-42A3-9474-1A3956D46DE8}") = "net45", "net45", "{C8C51579-94E5-400E-914C-3616DBAEBF49}"
EndProject
Project("{2150E333-8FDC-42A3-9474-1A3956D46DE8}") = "netcoreapp3.0", "netcoreapp3.0", "{845167A8-94BF-43C0-B1AD-878B47FDA827}"
EndProject
Project("{FAE04EC0-301F-11D3-BF4B-00C04F79EFBC}") = "PrismSerilogWpfDemoNetCoreApp30", "sample\netcoreapp3.0\PrismSerilogWpfDemoNetCoreApp30\PrismSerilogWpfDemoNetCoreApp30.csproj", "{D16CA8E1-8130-4E9D-8AD2-856F6768DC0C}"
EndProject
Project("{2150E333-8FDC-42A3-9474-1A3956D46DE8}") = "netstandard2.0", "netstandard2.0", "{327D087D-2A5E-487B-BCFE-C2EE8EAC3FC7}"
EndProject
Project("{FAE04EC0-301F-11D3-BF4B-00C04F79EFBC}") = "PrismSerilogXamarinDemoNetStandard20", "sample\netstandard2.0\PrismSerilogXamarinDemoNetStandard20\PrismSerilogXamarinDemoNetStandard20\PrismSerilogXamarinDemoNetStandard20.csproj", "{BF0EB14A-E346-486B-B27E-3F9632A5F16E}"
EndProject
Project("{FAE04EC0-301F-11D3-BF4B-00C04F79EFBC}") = "PrismSerilogXamarinDemoNetStandard20.Android", "sample\netstandard2.0\PrismSerilogXamarinDemoNetStandard20\PrismSerilogXamarinDemoNetStandard20.Android\PrismSerilogXamarinDemoNetStandard20.Android.csproj", "{4D03E699-7664-42A4-8A4C-03E69830B120}"
EndProject
Project("{FAE04EC0-301F-11D3-BF4B-00C04F79EFBC}") = "PrismSerilogXamarinDemoNetStandard20.iOS", "sample\netstandard2.0\PrismSerilogXamarinDemoNetStandard20\PrismSerilogXamarinDemoNetStandard20.iOS\PrismSerilogXamarinDemoNetStandard20.iOS.csproj", "{C2327E37-42DC-4154-95DA-47CBC123890F}"
EndProject
Global
	GlobalSection(SolutionConfigurationPlatforms) = preSolution
		Debug|Any CPU = Debug|Any CPU
		Release|Any CPU = Release|Any CPU
	EndGlobalSection
	GlobalSection(ProjectConfigurationPlatforms) = postSolution
		{CB57A3B5-DDC6-48C3-B031-7216A83A2970}.Debug|Any CPU.ActiveCfg = Debug|Any CPU
		{CB57A3B5-DDC6-48C3-B031-7216A83A2970}.Debug|Any CPU.Build.0 = Debug|Any CPU
		{CB57A3B5-DDC6-48C3-B031-7216A83A2970}.Release|Any CPU.ActiveCfg = Release|Any CPU
		{CB57A3B5-DDC6-48C3-B031-7216A83A2970}.Release|Any CPU.Build.0 = Release|Any CPU
		{88146B27-E104-4939-99FD-70557287F877}.Debug|Any CPU.ActiveCfg = Debug|Any CPU
		{88146B27-E104-4939-99FD-70557287F877}.Debug|Any CPU.Build.0 = Debug|Any CPU
		{88146B27-E104-4939-99FD-70557287F877}.Release|Any CPU.ActiveCfg = Release|Any CPU
		{88146B27-E104-4939-99FD-70557287F877}.Release|Any CPU.Build.0 = Release|Any CPU
		{49AF6C05-BB7C-437D-B163-813939457192}.Debug|Any CPU.ActiveCfg = Debug|Any CPU
		{49AF6C05-BB7C-437D-B163-813939457192}.Debug|Any CPU.Build.0 = Debug|Any CPU
		{49AF6C05-BB7C-437D-B163-813939457192}.Release|Any CPU.ActiveCfg = Release|Any CPU
		{49AF6C05-BB7C-437D-B163-813939457192}.Release|Any CPU.Build.0 = Release|Any CPU
		{D16CA8E1-8130-4E9D-8AD2-856F6768DC0C}.Debug|Any CPU.ActiveCfg = Debug|Any CPU
		{D16CA8E1-8130-4E9D-8AD2-856F6768DC0C}.Debug|Any CPU.Build.0 = Debug|Any CPU
		{D16CA8E1-8130-4E9D-8AD2-856F6768DC0C}.Release|Any CPU.ActiveCfg = Release|Any CPU
		{D16CA8E1-8130-4E9D-8AD2-856F6768DC0C}.Release|Any CPU.Build.0 = Release|Any CPU
		{BF0EB14A-E346-486B-B27E-3F9632A5F16E}.Debug|Any CPU.ActiveCfg = Debug|Any CPU
		{BF0EB14A-E346-486B-B27E-3F9632A5F16E}.Debug|Any CPU.Build.0 = Debug|Any CPU
		{BF0EB14A-E346-486B-B27E-3F9632A5F16E}.Release|Any CPU.ActiveCfg = Release|Any CPU
		{BF0EB14A-E346-486B-B27E-3F9632A5F16E}.Release|Any CPU.Build.0 = Release|Any CPU
		{4D03E699-7664-42A4-8A4C-03E69830B120}.Debug|Any CPU.ActiveCfg = Debug|Any CPU
		{4D03E699-7664-42A4-8A4C-03E69830B120}.Debug|Any CPU.Build.0 = Debug|Any CPU
		{4D03E699-7664-42A4-8A4C-03E69830B120}.Release|Any CPU.ActiveCfg = Release|Any CPU
		{4D03E699-7664-42A4-8A4C-03E69830B120}.Release|Any CPU.Build.0 = Release|Any CPU
		{C2327E37-42DC-4154-95DA-47CBC123890F}.Debug|Any CPU.ActiveCfg = Debug|iPhoneSimulator
		{C2327E37-42DC-4154-95DA-47CBC123890F}.Debug|Any CPU.Build.0 = Debug|iPhoneSimulator
		{C2327E37-42DC-4154-95DA-47CBC123890F}.Release|Any CPU.ActiveCfg = Release|iPhoneSimulator
		{C2327E37-42DC-4154-95DA-47CBC123890F}.Release|Any CPU.Build.0 = Release|iPhoneSimulator
	EndGlobalSection
	GlobalSection(SolutionProperties) = preSolution
		HideSolutionNode = FALSE
	EndGlobalSection
	GlobalSection(NestedProjects) = preSolution
		{CB57A3B5-DDC6-48C3-B031-7216A83A2970} = {C8C51579-94E5-400E-914C-3616DBAEBF49}
		{88146B27-E104-4939-99FD-70557287F877} = {A918D06F-30C4-48CA-8E75-90131BA4B8D8}
		{49AF6C05-BB7C-437D-B163-813939457192} = {2CB13D58-3C7B-4AAA-8ADD-F0C3CD52EEE4}
		{C8C51579-94E5-400E-914C-3616DBAEBF49} = {2E38532A-A66C-498A-8FBF-4D6FE6F31ECC}
		{845167A8-94BF-43C0-B1AD-878B47FDA827} = {2E38532A-A66C-498A-8FBF-4D6FE6F31ECC}
		{D16CA8E1-8130-4E9D-8AD2-856F6768DC0C} = {845167A8-94BF-43C0-B1AD-878B47FDA827}
		{327D087D-2A5E-487B-BCFE-C2EE8EAC3FC7} = {2E38532A-A66C-498A-8FBF-4D6FE6F31ECC}
		{BF0EB14A-E346-486B-B27E-3F9632A5F16E} = {327D087D-2A5E-487B-BCFE-C2EE8EAC3FC7}
		{4D03E699-7664-42A4-8A4C-03E69830B120} = {327D087D-2A5E-487B-BCFE-C2EE8EAC3FC7}
		{C2327E37-42DC-4154-95DA-47CBC123890F} = {327D087D-2A5E-487B-BCFE-C2EE8EAC3FC7}
	EndGlobalSection
	GlobalSection(ExtensibilityGlobals) = postSolution
		SolutionGuid = {7215B999-A555-49A3-ACCA-ABF01EE7C25B}
	EndGlobalSection
EndGlobal
